
Microsoft Visual Studio Solution File, Format Version 12.00
# Visual Studio Version 16
VisualStudioVersion = 16.0.30406.217
MinimumVisualStudioVersion = 10.0.40219.1
Project("{FAE04EC0-301F-11D3-BF4B-00C04F79EFBC}") = "AspNetCore.Skeleton", "AspNetCore.Skeleton\AspNetCore.Skeleton.csproj", "{0CFD68D5-F35F-442D-88C9-D3B8CC33CE2C}"
EndProject
Global
	GlobalSection(SolutionConfigurationPlatforms) = preSolution
		Debug|Any CPU = Debug|Any CPU
		Release|Any CPU = Release|Any CPU
	EndGlobalSection
	GlobalSection(ProjectConfigurationPlatforms) = postSolution
		{0CFD68D5-F35F-442D-88C9-D3B8CC33CE2C}.Debug|Any CPU.ActiveCfg = Debug|Any CPU
		{0CFD68D5-F35F-442D-88C9-D3B8CC33CE2C}.Debug|Any CPU.Build.0 = Debug|Any CPU
		{0CFD68D5-F35F-442D-88C9-D3B8CC33CE2C}.Release|Any CPU.ActiveCfg = Release|Any CPU
		{0CFD68D5-F35F-442D-88C9-D3B8CC33CE2C}.Release|Any CPU.Build.0 = Release|Any CPU
	EndGlobalSection
	GlobalSection(SolutionProperties) = preSolution
		HideSolutionNode = FALSE
	EndGlobalSection
	GlobalSection(ExtensibilityGlobals) = postSolution
		SolutionGuid = {C3AB2B33-6BAB-403B-A126-C25CF8E30906}
	EndGlobalSection
EndGlobal
